
Microsoft Visual Studio Solution File, Format Version 12.00
# Visual Studio Version 17
VisualStudioVersion = 17.6.33829.357
MinimumVisualStudioVersion = 10.0.40219.1
Project("{FAE04EC0-301F-11D3-BF4B-00C04F79EFBC}") = "MyShopConsole", "MyShopConsole.csproj", "{8CF34184-A11E-45A7-B1F7-E21BAB44D2C9}"
EndProject
Project("{FAE04EC0-301F-11D3-BF4B-00C04F79EFBC}") = "MyShop", "..\ClassLibrary1\MyShop.csproj", "{6C84009C-FD09-4628-A2A4-31F8712A9957}"
EndProject
Global
	GlobalSection(SolutionConfigurationPlatforms) = preSolution
		Debug|Any CPU = Debug|Any CPU
		Release|Any CPU = Release|Any CPU
	EndGlobalSection
	GlobalSection(ProjectConfigurationPlatforms) = postSolution
		{8CF34184-A11E-45A7-B1F7-E21BAB44D2C9}.Debug|Any CPU.ActiveCfg = Debug|Any CPU
		{8CF34184-A11E-45A7-B1F7-E21BAB44D2C9}.Debug|Any CPU.Build.0 = Debug|Any CPU
		{8CF34184-A11E-45A7-B1F7-E21BAB44D2C9}.Release|Any CPU.ActiveCfg = Release|Any CPU
		{8CF34184-A11E-45A7-B1F7-E21BAB44D2C9}.Release|Any CPU.Build.0 = Release|Any CPU
		{6C84009C-FD09-4628-A2A4-31F8712A9957}.Debug|Any CPU.ActiveCfg = Debug|Any CPU
		{6C84009C-FD09-4628-A2A4-31F8712A9957}.Debug|Any CPU.Build.0 = Debug|Any CPU
		{6C84009C-FD09-4628-A2A4-31F8712A9957}.Release|Any CPU.ActiveCfg = Release|Any CPU
		{6C84009C-FD09-4628-A2A4-31F8712A9957}.Release|Any CPU.Build.0 = Release|Any CPU
	EndGlobalSection
	GlobalSection(SolutionProperties) = preSolution
		HideSolutionNode = FALSE
	EndGlobalSection
	GlobalSection(ExtensibilityGlobals) = postSolution
		SolutionGuid = {C33B42A8-7237-47B2-B09A-6111A227F541}
	EndGlobalSection
EndGlobal
